
Microsoft Visual Studio Solution File, Format Version 12.00
# Visual Studio Version 16
VisualStudioVersion = 16.0.32602.291
MinimumVisualStudioVersion = 10.0.40219.1
Project("{FAE04EC0-301F-11D3-BF4B-00C04F79EFBC}") = "ConsoleApp7", "ConsoleApp7\ConsoleApp7.csproj", "{CEF4C1A7-C76E-4455-BBB9-7172A6C0EFFD}"
EndProject
Project("{9A19103F-16F7-4668-BE54-9A1E7A4F7556}") = "nurlanhome1", "..\nurlanhome1\nurlanhome1\nurlanhome1.csproj", "{847C0D0B-F599-4DAC-AE3D-F7AD08D3D913}"
EndProject
Project("{9A19103F-16F7-4668-BE54-9A1E7A4F7556}") = "consoleev6", "..\consoleev6\consoleev6\consoleev6.csproj", "{2C6CDF27-768D-431A-9B75-DFFEA3A477A5}"
EndProject
Project("{9A19103F-16F7-4668-BE54-9A1E7A4F7556}") = "evtapsinif", "..\evtapsinif\evtapsinif\evtapsinif.csproj", "{A2AE7C46-3A53-47D1-B306-F5A906F2C443}"
EndProject
Project("{FAE04EC0-301F-11D3-BF4B-00C04F79EFBC}") = "Animal", "Animal\Animal.csproj", "{EAF3CECD-DCF0-4713-AD4D-DB57DA9355A6}"
EndProject
Global
	GlobalSection(SolutionConfigurationPlatforms) = preSolution
		Debug|Any CPU = Debug|Any CPU
		Release|Any CPU = Release|Any CPU
	EndGlobalSection
	GlobalSection(ProjectConfigurationPlatforms) = postSolution
		{CEF4C1A7-C76E-4455-BBB9-7172A6C0EFFD}.Debug|Any CPU.ActiveCfg = Debug|Any CPU
		{CEF4C1A7-C76E-4455-BBB9-7172A6C0EFFD}.Debug|Any CPU.Build.0 = Debug|Any CPU
		{CEF4C1A7-C76E-4455-BBB9-7172A6C0EFFD}.Release|Any CPU.ActiveCfg = Release|Any CPU
		{CEF4C1A7-C76E-4455-BBB9-7172A6C0EFFD}.Release|Any CPU.Build.0 = Release|Any CPU
		{847C0D0B-F599-4DAC-AE3D-F7AD08D3D913}.Debug|Any CPU.ActiveCfg = Debug|Any CPU
		{847C0D0B-F599-4DAC-AE3D-F7AD08D3D913}.Debug|Any CPU.Build.0 = Debug|Any CPU
		{847C0D0B-F599-4DAC-AE3D-F7AD08D3D913}.Release|Any CPU.ActiveCfg = Release|Any CPU
		{847C0D0B-F599-4DAC-AE3D-F7AD08D3D913}.Release|Any CPU.Build.0 = Release|Any CPU
		{2C6CDF27-768D-431A-9B75-DFFEA3A477A5}.Debug|Any CPU.ActiveCfg = Debug|Any CPU
		{2C6CDF27-768D-431A-9B75-DFFEA3A477A5}.Debug|Any CPU.Build.0 = Debug|Any CPU
		{2C6CDF27-768D-431A-9B75-DFFEA3A477A5}.Release|Any CPU.ActiveCfg = Release|Any CPU
		{2C6CDF27-768D-431A-9B75-DFFEA3A477A5}.Release|Any CPU.Build.0 = Release|Any CPU
		{A2AE7C46-3A53-47D1-B306-F5A906F2C443}.Debug|Any CPU.ActiveCfg = Debug|Any CPU
		{A2AE7C46-3A53-47D1-B306-F5A906F2C443}.Debug|Any CPU.Build.0 = Debug|Any CPU
		{A2AE7C46-3A53-47D1-B306-F5A906F2C443}.Release|Any CPU.ActiveCfg = Release|Any CPU
		{A2AE7C46-3A53-47D1-B306-F5A906F2C443}.Release|Any CPU.Build.0 = Release|Any CPU
		{EAF3CECD-DCF0-4713-AD4D-DB57DA9355A6}.Debug|Any CPU.ActiveCfg = Debug|Any CPU
		{EAF3CECD-DCF0-4713-AD4D-DB57DA9355A6}.Debug|Any CPU.Build.0 = Debug|Any CPU
		{EAF3CECD-DCF0-4713-AD4D-DB57DA9355A6}.Release|Any CPU.ActiveCfg = Release|Any CPU
		{EAF3CECD-DCF0-4713-AD4D-DB57DA9355A6}.Release|Any CPU.Build.0 = Release|Any CPU
	EndGlobalSection
	GlobalSection(SolutionProperties) = preSolution
		HideSolutionNode = FALSE
	EndGlobalSection
	GlobalSection(ExtensibilityGlobals) = postSolution
		SolutionGuid = {4F68C5A7-366F-4210-876A-041BDD30F2DE}
	EndGlobalSection
EndGlobal
